// !$*UTF8*$!
{
	archiveVersion = 1;
	classes = {
	};
	objectVersion = 46;
	objects = {

/* Begin PBXBuildFile section */
		5764FD431DC2208700C73C5D /* AppDelegate.swift in Sources */ = {isa = PBXBuildFile; fileRef = 5764FD421DC2208700C73C5D /* AppDelegate.swift */; };
		5764FD451DC2208700C73C5D /* ViewController.swift in Sources */ = {isa = PBXBuildFile; fileRef = 5764FD441DC2208700C73C5D /* ViewController.swift */; };
		5764FD481DC2208700C73C5D /* Main.storyboard in Resources */ = {isa = PBXBuildFile; fileRef = 5764FD461DC2208700C73C5D /* Main.storyboard */; };
		5764FD4A1DC2208700C73C5D /* Assets.xcassets in Resources */ = {isa = PBXBuildFile; fileRef = 5764FD491DC2208700C73C5D /* Assets.xcassets */; };
		5764FD4D1DC2208700C73C5D /* LaunchScreen.storyboard in Resources */ = {isa = PBXBuildFile; fileRef = 5764FD4B1DC2208700C73C5D /* LaunchScreen.storyboard */; };
		5764FD561DC2228300C73C5D /* IQKeyboardManagerSwift.framework in Frameworks */ = {isa = PBXBuildFile; fileRef = 5764FD551DC2228300C73C5D /* IQKeyboardManagerSwift.framework */; };
/* End PBXBuildFile section */

/* Begin PBXFileReference section */
		5764FD3F1DC2208700C73C5D /* IQKeyboardManagerDemo.app */ = {isa = PBXFileReference; explicitFileType = wrapper.application; includeInIndex = 0; path = IQKeyboardManagerDemo.app; sourceTree = BUILT_PRODUCTS_DIR; };
		5764FD421DC2208700C73C5D /* AppDelegate.swift */ = {isa = PBXFileReference; lastKnownFileType = sourcecode.swift; path = AppDelegate.swift; sourceTree = "<group>"; };
		5764FD441DC2208700C73C5D /* ViewController.swift */ = {isa = PBXFileReference; lastKnownFileType = sourcecode.swift; path = ViewController.swift; sourceTree = "<group>"; };
		5764FD471DC2208700C73C5D /* Base */ = {isa = PBXFileReference; lastKnownFileType = file.storyboard; name = Base; path = Base.lproj/Main.storyboard; sourceTree = "<group>"; };
		5764FD491DC2208700C73C5D /* Assets.xcassets */ = {isa = PBXFileReference; lastKnownFileType = folder.assetcatalog; path = Assets.xcassets; sourceTree = "<group>"; };
		5764FD4C1DC2208700C73C5D /* Base */ = {isa = PBXFileReference; lastKnownFileType = file.storyboard; name = Base; path = Base.lproj/LaunchScreen.storyboard; sourceTree = "<group>"; };
		5764FD4E1DC2208700C73C5D /* Info.plist */ = {isa = PBXFileReference; lastKnownFileType = text.plist.xml; path = Info.plist; sourceTree = "<group>"; };
		5764FD551DC2228300C73C5D /* IQKeyboardManagerSwift.framework */ = {isa = PBXFileReference; lastKnownFileType = wrapper.framework; name = IQKeyboardManagerSwift.framework; path = Carthage/Build/iOS/IQKeyboardManagerSwift.framework; sourceTree = "<group>"; };
/* End PBXFileReference section */

/* Begin PBXFrameworksBuildPhase section */
		5764FD3C1DC2208700C73C5D /* Frameworks */ = {
			isa = PBXFrameworksBuildPhase;
			buildActionMask = 2147483647;
			files = (
				5764FD561DC2228300C73C5D /* IQKeyboardManagerSwift.framework in Frameworks */,
			);
			runOnlyForDeploymentPostprocessing = 0;
		};
/* End PBXFrameworksBuildPhase section */

/* Begin PBXGroup section */
		5764FD361DC2208700C73C5D = {
			isa = PBXGroup;
			children = (
				5764FD411DC2208700C73C5D /* IQKeyboardManagerDemo */,
				5764FD401DC2208700C73C5D /* Products */,
				5764FD541DC2228300C73C5D /* Frameworks */,
			);
			sourceTree = "<group>";
		};
		5764FD401DC2208700C73C5D /* Products */ = {
			isa = PBXGroup;
			children = (
				5764FD3F1DC2208700C73C5D /* IQKeyboardManagerDemo.app */,
			);
			name = Products;
			sourceTree = "<group>";
		};
		5764FD411DC2208700C73C5D /* IQKeyboardManagerDemo */ = {
			isa = PBXGroup;
			children = (
				5764FD421DC2208700C73C5D /* AppDelegate.swift */,
				5764FD441DC2208700C73C5D /* ViewController.swift */,
				5764FD461DC2208700C73C5D /* Main.storyboard */,
				5764FD491DC2208700C73C5D /* Assets.xcassets */,
				5764FD4B1DC2208700C73C5D /* LaunchScreen.storyboard */,
				5764FD4E1DC2208700C73C5D /* Info.plist */,
			);
			path = IQKeyboardManagerDemo;
			sourceTree = "<group>";
		};
		5764FD541DC2228300C73C5D /* Frameworks */ = {
			isa = PBXGroup;
			children = (
				5764FD551DC2228300C73C5D /* IQKeyboardManagerSwift.framework */,
			);
			name = Frameworks;
			sourceTree = "<group>";
		};
/* End PBXGroup section */

/* Begin PBXNativeTarget section */
		5764FD3E1DC2208700C73C5D /* IQKeyboardManagerDemo */ = {
			isa = PBXNativeTarget;
			buildConfigurationList = 5764FD511DC2208700C73C5D /* Build configuration list for PBXNativeTarget "IQKeyboardManagerDemo" */;
			buildPhases = (
				5764FD3B1DC2208700C73C5D /* Sources */,
				5764FD3C1DC2208700C73C5D /* Frameworks */,
				5764FD3D1DC2208700C73C5D /* Resources */,
				5764FD571DC2229700C73C5D /* Carthage */,
			);
			buildRules = (
			);
			dependencies = (
			);
			name = IQKeyboardManagerDemo;
			productName = IQKeyboardManagerDemo;
			productReference = 5764FD3F1DC2208700C73C5D /* IQKeyboardManagerDemo.app */;
			productType = "com.apple.product-type.application";
		};
/* End PBXNativeTarget section */

/* Begin PBXProject section */
		5764FD371DC2208700C73C5D /* Project object */ = {
			isa = PBXProject;
			attributes = {
				LastSwiftUpdateCheck = 0810;
				LastUpgradeCheck = 0810;
				ORGANIZATIONNAME = "Hugo Doria";
				TargetAttributes = {
					5764FD3E1DC2208700C73C5D = {
						CreatedOnToolsVersion = 8.1;
						ProvisioningStyle = Automatic;
					};
				};
			};
			buildConfigurationList = 5764FD3A1DC2208700C73C5D /* Build configuration list for PBXProject "IQKeyboardManagerDemo" */;
			compatibilityVersion = "Xcode 3.2";
			developmentRegion = English;
			hasScannedForEncodings = 0;
			knownRegions = (
				en,
				Base,
			);
			mainGroup = 5764FD361DC2208700C73C5D;
			productRefGroup = 5764FD401DC2208700C73C5D /* Products */;
			projectDirPath = "";
			projectRoot = "";
			targets = (
				5764FD3E1DC2208700C73C5D /* IQKeyboardManagerDemo */,
			);
		};
/* End PBXProject section */

/* Begin PBXResourcesBuildPhase section */
		5764FD3D1DC2208700C73C5D /* Resources */ = {
			isa = PBXResourcesBuildPhase;
			buildActionMask = 2147483647;
			files = (
				5764FD4D1DC2208700C73C5D /* LaunchScreen.storyboard in Resources */,
				5764FD4A1DC2208700C73C5D /* Assets.xcassets in Resources */,
				5764FD481DC2208700C73C5D /* Main.storyboard in Resources */,
			);
			runOnlyForDeploymentPostprocessing = 0;
		};
/* End PBXResourcesBuildPhase section */

/* Begin PBXShellScriptBuildPhase section */
		5764FD571DC2229700C73C5D /* Carthage */ = {
			isa = PBXShellScriptBuildPhase;
			buildActionMask = 2147483647;
			files = (
			);
			inputPaths = (
				"$(SRCROOT)/Carthage/Build/iOS/IQKeyboardManagerSwift.framework",
			);
			name = Carthage;
			outputPaths = (
			);
			runOnlyForDeploymentPostprocessing = 0;
			shellPath = /bin/sh;
			shellScript = "/usr/local/bin/carthage copy-frameworks";
		};
/* End PBXShellScriptBuildPhase section */

/* Begin PBXSourcesBuildPhase section */
		5764FD3B1DC2208700C73C5D /* Sources */ = {
			isa = PBXSourcesBuildPhase;
			buildActionMask = 2147483647;
			files = (
				5764FD451DC2208700C73C5D /* ViewController.swift in Sources */,
				5764FD431DC2208700C73C5D /* AppDelegate.swift in Sources */,
			);
			runOnlyForDeploymentPostprocessing = 0;
		};
/* End PBXSourcesBuildPhase section */

/* Begin PBXVariantGroup section */
		5764FD461DC2208700C73C5D /* Main.storyboard */ = {
			isa = PBXVariantGroup;
			children = (
				5764FD471DC2208700C73C5D /* Base */,
			);
			name = Main.storyboard;
			sourceTree = "<group>";
		};
		5764FD4B1DC2208700C73C5D /* LaunchScreen.storyboard */ = {
			isa = PBXVariantGroup;
			children = (
				5764FD4C1DC2208700C73C5D /* Base */,
			);
			name = LaunchScreen.storyboard;
			sourceTree = "<group>";
		};
/* End PBXVariantGroup section */

/* Begin XCBuildConfiguration section */
		5764FD4F1DC2208700C73C5D /* Debug */ = {
			isa = XCBuildConfiguration;
			buildSettings = {
				ALWAYS_SEARCH_USER_PATHS = NO;
				CLANG_ANALYZER_NONNULL = YES;
				CLANG_CXX_LANGUAGE_STANDARD = "gnu++0x";
				CLANG_CXX_LIBRARY = "libc++";
				CLANG_ENABLE_MODULES = YES;
				CLANG_ENABLE_OBJC_ARC = YES;
				CLANG_WARN_BOOL_CONVERSION = YES;
				CLANG_WARN_CONSTANT_CONVERSION = YES;
				CLANG_WARN_DIRECT_OBJC_ISA_USAGE = YES_ERROR;
				CLANG_WARN_DOCUMENTATION_COMMENTS = YES;
				CLANG_WARN_EMPTY_BODY = YES;
				CLANG_WARN_ENUM_CONVERSION = YES;
				CLANG_WARN_INFINITE_RECURSION = YES;
				CLANG_WARN_INT_CONVERSION = YES;
				CLANG_WARN_OBJC_ROOT_CLASS = YES_ERROR;
				CLANG_WARN_SUSPICIOUS_MOVES = YES;
				CLANG_WARN_UNREACHABLE_CODE = YES;
				CLANG_WARN__DUPLICATE_METHOD_MATCH = YES;
				"CODE_SIGN_IDENTITY[sdk=iphoneos*]" = "iPhone Developer";
				COPY_PHASE_STRIP = NO;
				DEBUG_INFORMATION_FORMAT = dwarf;
				ENABLE_STRICT_OBJC_MSGSEND = YES;
				ENABLE_TESTABILITY = YES;
				GCC_C_LANGUAGE_STANDARD = gnu99;
				GCC_DYNAMIC_NO_PIC = NO;
				GCC_NO_COMMON_BLOCKS = YES;
				GCC_OPTIMIZATION_LEVEL = 0;
				GCC_PREPROCESSOR_DEFINITIONS = (
					"DEBUG=1",
					"$(inherited)",
				);
				GCC_WARN_64_TO_32_BIT_CONVERSION = YES;
				GCC_WARN_ABOUT_RETURN_TYPE = YES_ERROR;
				GCC_WARN_UNDECLARED_SELECTOR = YES;
				GCC_WARN_UNINITIALIZED_AUTOS = YES_AGGRESSIVE;
				GCC_WARN_UNUSED_FUNCTION = YES;
				GCC_WARN_UNUSED_VARIABLE = YES;
				IPHONEOS_DEPLOYMENT_TARGET = 10.1;
				MTL_ENABLE_DEBUG_INFO = YES;
				ONLY_ACTIVE_ARCH = YES;
				SDKROOT = iphoneos;
				SWIFT_ACTIVE_COMPILATION_CONDITIONS = DEBUG;
				SWIFT_OPTIMIZATION_LEVEL = "-Onone";
			};
			name = Debug;
		};
		5764FD501DC2208700C73C5D /* Release */ = {
			isa = XCBuildConfiguration;
			buildSettings = {
				ALWAYS_SEARCH_USER_PATHS = NO;
				CLANG_ANALYZER_NONNULL = YES;
				CLANG_CXX_LANGUAGE_STANDARD = "gnu++0x";
				CLANG_CXX_LIBRARY = "libc++";
				CLANG_ENABLE_MODULES = YES;
				CLANG_ENABLE_OBJC_ARC = YES;
				CLANG_WARN_BOOL_CONVERSION = YES;
				CLANG_WARN_CONSTANT_CONVERSION = YES;
				CLANG_WARN_DIRECT_OBJC_ISA_USAGE = YES_ERROR;
				CLANG_WARN_DOCUMENTATION_COMMENTS = YES;
				CLANG_WARN_EMPTY_BODY = YES;
				CLANG_WARN_ENUM_CONVERSION = YES;
				CLANG_WARN_INFINITE_RECURSION = YES;
				CLANG_WARN_INT_CONVERSION = YES;
				CLANG_WARN_OBJC_ROOT_CLASS = YES_ERROR;
				CLANG_WARN_SUSPICIOUS_MOVES = YES;
				CLANG_WARN_UNREACHABLE_CODE = YES;
				CLANG_WARN__DUPLICATE_METHOD_MATCH = YES;
				"CODE_SIGN_IDENTITY[sdk=iphoneos*]" = "iPhone Developer";
				COPY_PHASE_STRIP = NO;
				DEBUG_INFORMATION_FORMAT = "dwarf-with-dsym";
				ENABLE_NS_ASSERTIONS = NO;
				ENABLE_STRICT_OBJC_MSGSEND = YES;
				GCC_C_LANGUAGE_STANDARD = gnu99;
				GCC_NO_COMMON_BLOCKS = YES;
				GCC_WARN_64_TO_32_BIT_CONVERSION = YES;
				GCC_WARN_ABOUT_RETURN_TYPE = YES_ERROR;
				GCC_WARN_UNDECLARED_SELECTOR = YES;
				GCC_WARN_UNINITIALIZED_AUTOS = YES_AGGRESSIVE;
				GCC_WARN_UNUSED_FUNCTION = YES;
				GCC_WARN_UNUSED_VARIABLE = YES;
				IPHONEOS_DEPLOYMENT_TARGET = 10.1;
				MTL_ENABLE_DEBUG_INFO = NO;
				SDKROOT = iphoneos;
				SWIFT_OPTIMIZATION_LEVEL = "-Owholemodule";
				VALIDATE_PRODUCT = YES;
			};
			name = Release;
		};
		5764FD521DC2208700C73C5D /* Debug */ = {
			isa = XCBuildConfiguration;
			buildSettings = {
				ASSETCATALOG_COMPILER_APPICON_NAME = AppIcon;
				FRAMEWORK_SEARCH_PATHS = (
					"$(inherited)",
					"$(PROJECT_DIR)/Carthage/Build/iOS",
				);
				INFOPLIST_FILE = IQKeyboardManagerDemo/Info.plist;
				LD_RUNPATH_SEARCH_PATHS = "$(inherited) @executable_path/Frameworks";
				PRODUCT_BUNDLE_IDENTIFIER = me.hdoria.IQKeyboardManagerDemo;
				PRODUCT_NAME = "$(TARGET_NAME)";
				SWIFT_VERSION = 3.0;
			};
			name = Debug;
		};
		5764FD531DC2208700C73C5D /* Release */ = {
			isa = XCBuildConfiguration;
			buildSettings = {
				ASSETCATALOG_COMPILER_APPICON_NAME = AppIcon;
				FRAMEWORK_SEARCH_PATHS = (
					"$(inherited)",
					"$(PROJECT_DIR)/Carthage/Build/iOS",
				);
				INFOPLIST_FILE = IQKeyboardManagerDemo/Info.plist;
				LD_RUNPATH_SEARCH_PATHS = "$(inherited) @executable_path/Frameworks";
				PRODUCT_BUNDLE_IDENTIFIER = me.hdoria.IQKeyboardManagerDemo;
				PRODUCT_NAME = "$(TARGET_NAME)";
				SWIFT_VERSION = 3.0;
			};
			name = Release;
		};
/* End XCBuildConfiguration section */

/* Begin XCConfigurationList section */
		5764FD3A1DC2208700C73C5D /* Build configuration list for PBXProject "IQKeyboardManagerDemo" */ = {
			isa = XCConfigurationList;
			buildConfigurations = (
				5764FD4F1DC2208700C73C5D /* Debug */,
				5764FD501DC2208700C73C5D /* Release */,
			);
			defaultConfigurationIsVisible = 0;
			defaultConfigurationName = Release;
		};
		5764FD511DC2208700C73C5D /* Build configuration list for PBXNativeTarget "IQKeyboardManagerDemo" */ = {
			isa = XCConfigurationList;
			buildConfigurations = (
				5764FD521DC2208700C73C5D /* Debug */,
				5764FD531DC2208700C73C5D /* Release */,
			);
			defaultConfigurationIsVisible = 0;
		};
/* End XCConfigurationList section */
	};
	rootObject = 5764FD371DC2208700C73C5D /* Project object */;
}
